
Microsoft Visual Studio Solution File, Format Version 12.00
# Visual Studio Version 16
VisualStudioVersion = 16.0.29911.98
MinimumVisualStudioVersion = 15.0.26124.0
Project("{9A19103F-16F7-4668-BE54-9A1E7A4F7556}") = "CT.Backend.Functions", "src\CT.Backend.Functions\CT.Backend.Functions.csproj", "{49A41EE3-804C-4691-BC3F-7EED22309AB6}"
EndProject
Project("{9A19103F-16F7-4668-BE54-9A1E7A4F7556}") = "CT.Backend.Shared", "src\CT.Backend.Shared\CT.Backend.Shared.csproj", "{46CB38A9-9FF7-4213-94F0-67FEE5D95E1C}"
EndProject
Global
	GlobalSection(SolutionConfigurationPlatforms) = preSolution
		Debug|Any CPU = Debug|Any CPU
		Debug|x64 = Debug|x64
		Debug|x86 = Debug|x86
		Release|Any CPU = Release|Any CPU
		Release|x64 = Release|x64
		Release|x86 = Release|x86
	EndGlobalSection
	GlobalSection(ProjectConfigurationPlatforms) = postSolution
		{49A41EE3-804C-4691-BC3F-7EED22309AB6}.Debug|Any CPU.ActiveCfg = Debug|Any CPU
		{49A41EE3-804C-4691-BC3F-7EED22309AB6}.Debug|Any CPU.Build.0 = Debug|Any CPU
		{49A41EE3-804C-4691-BC3F-7EED22309AB6}.Debug|x64.ActiveCfg = Debug|Any CPU
		{49A41EE3-804C-4691-BC3F-7EED22309AB6}.Debug|x64.Build.0 = Debug|Any CPU
		{49A41EE3-804C-4691-BC3F-7EED22309AB6}.Debug|x86.ActiveCfg = Debug|Any CPU
		{49A41EE3-804C-4691-BC3F-7EED22309AB6}.Debug|x86.Build.0 = Debug|Any CPU
		{49A41EE3-804C-4691-BC3F-7EED22309AB6}.Release|Any CPU.ActiveCfg = Release|Any CPU
		{49A41EE3-804C-4691-BC3F-7EED22309AB6}.Release|Any CPU.Build.0 = Release|Any CPU
		{49A41EE3-804C-4691-BC3F-7EED22309AB6}.Release|x64.ActiveCfg = Release|Any CPU
		{49A41EE3-804C-4691-BC3F-7EED22309AB6}.Release|x64.Build.0 = Release|Any CPU
		{49A41EE3-804C-4691-BC3F-7EED22309AB6}.Release|x86.ActiveCfg = Release|Any CPU
		{49A41EE3-804C-4691-BC3F-7EED22309AB6}.Release|x86.Build.0 = Release|Any CPU
		{46CB38A9-9FF7-4213-94F0-67FEE5D95E1C}.Debug|Any CPU.ActiveCfg = Debug|Any CPU
		{46CB38A9-9FF7-4213-94F0-67FEE5D95E1C}.Debug|Any CPU.Build.0 = Debug|Any CPU
		{46CB38A9-9FF7-4213-94F0-67FEE5D95E1C}.Debug|x64.ActiveCfg = Debug|Any CPU
		{46CB38A9-9FF7-4213-94F0-67FEE5D95E1C}.Debug|x64.Build.0 = Debug|Any CPU
		{46CB38A9-9FF7-4213-94F0-67FEE5D95E1C}.Debug|x86.ActiveCfg = Debug|Any CPU
		{46CB38A9-9FF7-4213-94F0-67FEE5D95E1C}.Debug|x86.Build.0 = Debug|Any CPU
		{46CB38A9-9FF7-4213-94F0-67FEE5D95E1C}.Release|Any CPU.ActiveCfg = Release|Any CPU
		{46CB38A9-9FF7-4213-94F0-67FEE5D95E1C}.Release|Any CPU.Build.0 = Release|Any CPU
		{46CB38A9-9FF7-4213-94F0-67FEE5D95E1C}.Release|x64.ActiveCfg = Release|Any CPU
		{46CB38A9-9FF7-4213-94F0-67FEE5D95E1C}.Release|x64.Build.0 = Release|Any CPU
		{46CB38A9-9FF7-4213-94F0-67FEE5D95E1C}.Release|x86.ActiveCfg = Release|Any CPU
		{46CB38A9-9FF7-4213-94F0-67FEE5D95E1C}.Release|x86.Build.0 = Release|Any CPU
	EndGlobalSection
	GlobalSection(SolutionProperties) = preSolution
		HideSolutionNode = FALSE
	EndGlobalSection
	GlobalSection(ExtensibilityGlobals) = postSolution
		SolutionGuid = {63FE012F-C39B-4C27-A91C-C6B1ED02BEDB}
	EndGlobalSection
EndGlobal
